
Microsoft Visual Studio Solution File, Format Version 12.00
# Visual Studio Version 17
VisualStudioVersion = 17.10.35122.118
MinimumVisualStudioVersion = 10.0.40219.1
Project("{FAE04EC0-301F-11D3-BF4B-00C04F79EFBC}") = "ASP", "ASP.csproj", "{681CEAEC-922F-4A8B-A9B1-4A9663342A60}"
EndProject
Global
	GlobalSection(SolutionConfigurationPlatforms) = preSolution
		Debug|Any CPU = Debug|Any CPU
		Release|Any CPU = Release|Any CPU
	EndGlobalSection
	GlobalSection(ProjectConfigurationPlatforms) = postSolution
		{681CEAEC-922F-4A8B-A9B1-4A9663342A60}.Debug|Any CPU.ActiveCfg = Debug|Any CPU
		{681CEAEC-922F-4A8B-A9B1-4A9663342A60}.Debug|Any CPU.Build.0 = Debug|Any CPU
		{681CEAEC-922F-4A8B-A9B1-4A9663342A60}.Release|Any CPU.ActiveCfg = Release|Any CPU
		{681CEAEC-922F-4A8B-A9B1-4A9663342A60}.Release|Any CPU.Build.0 = Release|Any CPU
	EndGlobalSection
	GlobalSection(SolutionProperties) = preSolution
		HideSolutionNode = FALSE
	EndGlobalSection
	GlobalSection(ExtensibilityGlobals) = postSolution
		SolutionGuid = {A9E2C2BA-B59A-47E6-9FD0-756AA2463092}
	EndGlobalSection
EndGlobal
